// !$*UTF8*$!
{
	archiveVersion = 1;
	classes = {
	};
	objectVersion = 56;
	objects = {

/* Begin PBXBuildFile section */
		53B2D04B2A437A78001EC5A4 /* Nasa_ImageApp.swift in Sources */ = {isa = PBXBuildFile; fileRef = 53B2D04A2A437A78001EC5A4 /* Nasa_ImageApp.swift */; };
		53B2D04D2A437A78001EC5A4 /* RootView.swift in Sources */ = {isa = PBXBuildFile; fileRef = 53B2D04C2A437A78001EC5A4 /* RootView.swift */; };
		53B2D04F2A437A7A001EC5A4 /* Assets.xcassets in Resources */ = {isa = PBXBuildFile; fileRef = 53B2D04E2A437A7A001EC5A4 /* Assets.xcassets */; };
		53B2D0532A437A7A001EC5A4 /* Preview Assets.xcassets in Resources */ = {isa = PBXBuildFile; fileRef = 53B2D0522A437A7A001EC5A4 /* Preview Assets.xcassets */; };
		53B2D05D2A437A7A001EC5A4 /* Nasa_ImageTests.swift in Sources */ = {isa = PBXBuildFile; fileRef = 53B2D05C2A437A7A001EC5A4 /* Nasa_ImageTests.swift */; };
		53B2D0672A437A7A001EC5A4 /* Nasa_ImageUITests.swift in Sources */ = {isa = PBXBuildFile; fileRef = 53B2D0662A437A7A001EC5A4 /* Nasa_ImageUITests.swift */; };
		53B2D0692A437A7A001EC5A4 /* Nasa_ImageUITestsLaunchTests.swift in Sources */ = {isa = PBXBuildFile; fileRef = 53B2D0682A437A7A001EC5A4 /* Nasa_ImageUITestsLaunchTests.swift */; };
		53B2D0772A437CC2001EC5A4 /* NasaSearchProvider.swift in Sources */ = {isa = PBXBuildFile; fileRef = 53B2D0762A437CC2001EC5A4 /* NasaSearchProvider.swift */; };
		53B2D07A2A438604001EC5A4 /* NasaResult.swift in Sources */ = {isa = PBXBuildFile; fileRef = 53B2D0792A438604001EC5A4 /* NasaResult.swift */; };
		53B2D07E2A438C17001EC5A4 /* SearchViewModel.swift in Sources */ = {isa = PBXBuildFile; fileRef = 53B2D07D2A438C17001EC5A4 /* SearchViewModel.swift */; };
		53B2D0822A438F0F001EC5A4 /* SearchView.swift in Sources */ = {isa = PBXBuildFile; fileRef = 53B2D0812A438F0F001EC5A4 /* SearchView.swift */; };
		53B2D0842A43B2CC001EC5A4 /* ImageItemView.swift in Sources */ = {isa = PBXBuildFile; fileRef = 53B2D0832A43B2CC001EC5A4 /* ImageItemView.swift */; };
/* End PBXBuildFile section */

/* Begin PBXContainerItemProxy section */
		53B2D0592A437A7A001EC5A4 /* PBXContainerItemProxy */ = {
			isa = PBXContainerItemProxy;
			containerPortal = 53B2D03F2A437A78001EC5A4 /* Project object */;
			proxyType = 1;
			remoteGlobalIDString = 53B2D0462A437A78001EC5A4;
			remoteInfo = "Nasa-Image";
		};
		53B2D0632A437A7A001EC5A4 /* PBXContainerItemProxy */ = {
			isa = PBXContainerItemProxy;
			containerPortal = 53B2D03F2A437A78001EC5A4 /* Project object */;
			proxyType = 1;
			remoteGlobalIDString = 53B2D0462A437A78001EC5A4;
			remoteInfo = "Nasa-Image";
		};
/* End PBXContainerItemProxy section */

/* Begin PBXFileReference section */
		53B2D0472A437A78001EC5A4 /* Nasa-Image.app */ = {isa = PBXFileReference; explicitFileType = wrapper.application; includeInIndex = 0; path = "Nasa-Image.app"; sourceTree = BUILT_PRODUCTS_DIR; };
		53B2D04A2A437A78001EC5A4 /* Nasa_ImageApp.swift */ = {isa = PBXFileReference; lastKnownFileType = sourcecode.swift; path = Nasa_ImageApp.swift; sourceTree = "<group>"; };
		53B2D04C2A437A78001EC5A4 /* RootView.swift */ = {isa = PBXFileReference; lastKnownFileType = sourcecode.swift; path = RootView.swift; sourceTree = "<group>"; };
		53B2D04E2A437A7A001EC5A4 /* Assets.xcassets */ = {isa = PBXFileReference; lastKnownFileType = folder.assetcatalog; path = Assets.xcassets; sourceTree = "<group>"; };
		53B2D0502A437A7A001EC5A4 /* Nasa_Image.entitlements */ = {isa = PBXFileReference; lastKnownFileType = text.plist.entitlements; path = Nasa_Image.entitlements; sourceTree = "<group>"; };
		53B2D0522A437A7A001EC5A4 /* Preview Assets.xcassets */ = {isa = PBXFileReference; lastKnownFileType = folder.assetcatalog; path = "Preview Assets.xcassets"; sourceTree = "<group>"; };
		53B2D0582A437A7A001EC5A4 /* Nasa-ImageTests.xctest */ = {isa = PBXFileReference; explicitFileType = wrapper.cfbundle; includeInIndex = 0; path = "Nasa-ImageTests.xctest"; sourceTree = BUILT_PRODUCTS_DIR; };
		53B2D05C2A437A7A001EC5A4 /* Nasa_ImageTests.swift */ = {isa = PBXFileReference; lastKnownFileType = sourcecode.swift; path = Nasa_ImageTests.swift; sourceTree = "<group>"; };
		53B2D0622A437A7A001EC5A4 /* Nasa-ImageUITests.xctest */ = {isa = PBXFileReference; explicitFileType = wrapper.cfbundle; includeInIndex = 0; path = "Nasa-ImageUITests.xctest"; sourceTree = BUILT_PRODUCTS_DIR; };
		53B2D0662A437A7A001EC5A4 /* Nasa_ImageUITests.swift */ = {isa = PBXFileReference; lastKnownFileType = sourcecode.swift; path = Nasa_ImageUITests.swift; sourceTree = "<group>"; };
		53B2D0682A437A7A001EC5A4 /* Nasa_ImageUITestsLaunchTests.swift */ = {isa = PBXFileReference; lastKnownFileType = sourcecode.swift; path = Nasa_ImageUITestsLaunchTests.swift; sourceTree = "<group>"; };
		53B2D0762A437CC2001EC5A4 /* NasaSearchProvider.swift */ = {isa = PBXFileReference; lastKnownFileType = sourcecode.swift; path = NasaSearchProvider.swift; sourceTree = "<group>"; };
		53B2D0792A438604001EC5A4 /* NasaResult.swift */ = {isa = PBXFileReference; lastKnownFileType = sourcecode.swift; path = NasaResult.swift; sourceTree = "<group>"; };
		53B2D07D2A438C17001EC5A4 /* SearchViewModel.swift */ = {isa = PBXFileReference; lastKnownFileType = sourcecode.swift; path = SearchViewModel.swift; sourceTree = "<group>"; };
		53B2D0812A438F0F001EC5A4 /* SearchView.swift */ = {isa = PBXFileReference; lastKnownFileType = sourcecode.swift; path = SearchView.swift; sourceTree = "<group>"; };
		53B2D0832A43B2CC001EC5A4 /* ImageItemView.swift */ = {isa = PBXFileReference; lastKnownFileType = sourcecode.swift; path = ImageItemView.swift; sourceTree = "<group>"; };
/* End PBXFileReference section */

/* Begin PBXFrameworksBuildPhase section */
		53B2D0442A437A78001EC5A4 /* Frameworks */ = {
			isa = PBXFrameworksBuildPhase;
			buildActionMask = 2147483647;
			files = (
			);
			runOnlyForDeploymentPostprocessing = 0;
		};
		53B2D0552A437A7A001EC5A4 /* Frameworks */ = {
			isa = PBXFrameworksBuildPhase;
			buildActionMask = 2147483647;
			files = (
			);
			runOnlyForDeploymentPostprocessing = 0;
		};
		53B2D05F2A437A7A001EC5A4 /* Frameworks */ = {
			isa = PBXFrameworksBuildPhase;
			buildActionMask = 2147483647;
			files = (
			);
			runOnlyForDeploymentPostprocessing = 0;
		};
/* End PBXFrameworksBuildPhase section */

/* Begin PBXGroup section */
		53B2D03E2A437A78001EC5A4 = {
			isa = PBXGroup;
			children = (
				53B2D0492A437A78001EC5A4 /* Nasa-Image */,
				53B2D05B2A437A7A001EC5A4 /* Nasa-ImageTests */,
				53B2D0652A437A7A001EC5A4 /* Nasa-ImageUITests */,
				53B2D0482A437A78001EC5A4 /* Products */,
			);
			sourceTree = "<group>";
		};
		53B2D0482A437A78001EC5A4 /* Products */ = {
			isa = PBXGroup;
			children = (
				53B2D0472A437A78001EC5A4 /* Nasa-Image.app */,
				53B2D0582A437A7A001EC5A4 /* Nasa-ImageTests.xctest */,
				53B2D0622A437A7A001EC5A4 /* Nasa-ImageUITests.xctest */,
			);
			name = Products;
			sourceTree = "<group>";
		};
		53B2D0492A437A78001EC5A4 /* Nasa-Image */ = {
			isa = PBXGroup;
			children = (
				53B2D07C2A438B9C001EC5A4 /* Detail */,
				53B2D07B2A438B25001EC5A4 /* Search */,
				53B2D0782A4385E4001EC5A4 /* Model */,
				53B2D0752A437C13001EC5A4 /* Network */,
				53B2D04C2A437A78001EC5A4 /* RootView.swift */,
				53B2D04A2A437A78001EC5A4 /* Nasa_ImageApp.swift */,
				53B2D04E2A437A7A001EC5A4 /* Assets.xcassets */,
				53B2D0502A437A7A001EC5A4 /* Nasa_Image.entitlements */,
				53B2D0512A437A7A001EC5A4 /* Preview Content */,
			);
			path = "Nasa-Image";
			sourceTree = "<group>";
		};
		53B2D0512A437A7A001EC5A4 /* Preview Content */ = {
			isa = PBXGroup;
			children = (
				53B2D0522A437A7A001EC5A4 /* Preview Assets.xcassets */,
			);
			path = "Preview Content";
			sourceTree = "<group>";
		};
		53B2D05B2A437A7A001EC5A4 /* Nasa-ImageTests */ = {
			isa = PBXGroup;
			children = (
				53B2D05C2A437A7A001EC5A4 /* Nasa_ImageTests.swift */,
			);
			path = "Nasa-ImageTests";
			sourceTree = "<group>";
		};
		53B2D0652A437A7A001EC5A4 /* Nasa-ImageUITests */ = {
			isa = PBXGroup;
			children = (
				53B2D0662A437A7A001EC5A4 /* Nasa_ImageUITests.swift */,
				53B2D0682A437A7A001EC5A4 /* Nasa_ImageUITestsLaunchTests.swift */,
			);
			path = "Nasa-ImageUITests";
			sourceTree = "<group>";
		};
		53B2D0752A437C13001EC5A4 /* Network */ = {
			isa = PBXGroup;
			children = (
				53B2D0762A437CC2001EC5A4 /* NasaSearchProvider.swift */,
			);
			path = Network;
			sourceTree = "<group>";
		};
		53B2D0782A4385E4001EC5A4 /* Model */ = {
			isa = PBXGroup;
			children = (
				53B2D0792A438604001EC5A4 /* NasaResult.swift */,
			);
			path = Model;
			sourceTree = "<group>";
		};
		53B2D07B2A438B25001EC5A4 /* Search */ = {
			isa = PBXGroup;
			children = (
				53B2D07D2A438C17001EC5A4 /* SearchViewModel.swift */,
				53B2D0812A438F0F001EC5A4 /* SearchView.swift */,
				53B2D0832A43B2CC001EC5A4 /* ImageItemView.swift */,
			);
			path = Search;
			sourceTree = "<group>";
		};
		53B2D07C2A438B9C001EC5A4 /* Detail */ = {
			isa = PBXGroup;
			children = (
			);
			path = Detail;
			sourceTree = "<group>";
		};
/* End PBXGroup section */

/* Begin PBXNativeTarget section */
		53B2D0462A437A78001EC5A4 /* Nasa-Image */ = {
			isa = PBXNativeTarget;
			buildConfigurationList = 53B2D06C2A437A7A001EC5A4 /* Build configuration list for PBXNativeTarget "Nasa-Image" */;
			buildPhases = (
				53B2D0432A437A78001EC5A4 /* Sources */,
				53B2D0442A437A78001EC5A4 /* Frameworks */,
				53B2D0452A437A78001EC5A4 /* Resources */,
			);
			buildRules = (
			);
			dependencies = (
			);
			name = "Nasa-Image";
			productName = "Nasa-Image";
			productReference = 53B2D0472A437A78001EC5A4 /* Nasa-Image.app */;
			productType = "com.apple.product-type.application";
		};
		53B2D0572A437A7A001EC5A4 /* Nasa-ImageTests */ = {
			isa = PBXNativeTarget;
			buildConfigurationList = 53B2D06F2A437A7A001EC5A4 /* Build configuration list for PBXNativeTarget "Nasa-ImageTests" */;
			buildPhases = (
				53B2D0542A437A7A001EC5A4 /* Sources */,
				53B2D0552A437A7A001EC5A4 /* Frameworks */,
				53B2D0562A437A7A001EC5A4 /* Resources */,
			);
			buildRules = (
			);
			dependencies = (
				53B2D05A2A437A7A001EC5A4 /* PBXTargetDependency */,
			);
			name = "Nasa-ImageTests";
			productName = "Nasa-ImageTests";
			productReference = 53B2D0582A437A7A001EC5A4 /* Nasa-ImageTests.xctest */;
			productType = "com.apple.product-type.bundle.unit-test";
		};
		53B2D0612A437A7A001EC5A4 /* Nasa-ImageUITests */ = {
			isa = PBXNativeTarget;
			buildConfigurationList = 53B2D0722A437A7A001EC5A4 /* Build configuration list for PBXNativeTarget "Nasa-ImageUITests" */;
			buildPhases = (
				53B2D05E2A437A7A001EC5A4 /* Sources */,
				53B2D05F2A437A7A001EC5A4 /* Frameworks */,
				53B2D0602A437A7A001EC5A4 /* Resources */,
			);
			buildRules = (
			);
			dependencies = (
				53B2D0642A437A7A001EC5A4 /* PBXTargetDependency */,
			);
			name = "Nasa-ImageUITests";
			productName = "Nasa-ImageUITests";
			productReference = 53B2D0622A437A7A001EC5A4 /* Nasa-ImageUITests.xctest */;
			productType = "com.apple.product-type.bundle.ui-testing";
		};
/* End PBXNativeTarget section */

/* Begin PBXProject section */
		53B2D03F2A437A78001EC5A4 /* Project object */ = {
			isa = PBXProject;
			attributes = {
				BuildIndependentTargetsInParallel = 1;
				LastSwiftUpdateCheck = 1430;
				LastUpgradeCheck = 1430;
				TargetAttributes = {
					53B2D0462A437A78001EC5A4 = {
						CreatedOnToolsVersion = 14.3.1;
					};
					53B2D0572A437A7A001EC5A4 = {
						CreatedOnToolsVersion = 14.3.1;
						TestTargetID = 53B2D0462A437A78001EC5A4;
					};
					53B2D0612A437A7A001EC5A4 = {
						CreatedOnToolsVersion = 14.3.1;
						TestTargetID = 53B2D0462A437A78001EC5A4;
					};
				};
			};
			buildConfigurationList = 53B2D0422A437A78001EC5A4 /* Build configuration list for PBXProject "Nasa-Image" */;
			compatibilityVersion = "Xcode 14.0";
			developmentRegion = en;
			hasScannedForEncodings = 0;
			knownRegions = (
				en,
				Base,
			);
			mainGroup = 53B2D03E2A437A78001EC5A4;
			productRefGroup = 53B2D0482A437A78001EC5A4 /* Products */;
			projectDirPath = "";
			projectRoot = "";
			targets = (
				53B2D0462A437A78001EC5A4 /* Nasa-Image */,
				53B2D0572A437A7A001EC5A4 /* Nasa-ImageTests */,
				53B2D0612A437A7A001EC5A4 /* Nasa-ImageUITests */,
			);
		};
/* End PBXProject section */

/* Begin PBXResourcesBuildPhase section */
		53B2D0452A437A78001EC5A4 /* Resources */ = {
			isa = PBXResourcesBuildPhase;
			buildActionMask = 2147483647;
			files = (
				53B2D0532A437A7A001EC5A4 /* Preview Assets.xcassets in Resources */,
				53B2D04F2A437A7A001EC5A4 /* Assets.xcassets in Resources */,
			);
			runOnlyForDeploymentPostprocessing = 0;
		};
		53B2D0562A437A7A001EC5A4 /* Resources */ = {
			isa = PBXResourcesBuildPhase;
			buildActionMask = 2147483647;
			files = (
			);
			runOnlyForDeploymentPostprocessing = 0;
		};
		53B2D0602A437A7A001EC5A4 /* Resources */ = {
			isa = PBXResourcesBuildPhase;
			buildActionMask = 2147483647;
			files = (
			);
			runOnlyForDeploymentPostprocessing = 0;
		};
/* End PBXResourcesBuildPhase section */

/* Begin PBXSourcesBuildPhase section */
		53B2D0432A437A78001EC5A4 /* Sources */ = {
			isa = PBXSourcesBuildPhase;
			buildActionMask = 2147483647;
			files = (
				53B2D07E2A438C17001EC5A4 /* SearchViewModel.swift in Sources */,
				53B2D0842A43B2CC001EC5A4 /* ImageItemView.swift in Sources */,
				53B2D04D2A437A78001EC5A4 /* RootView.swift in Sources */,
				53B2D07A2A438604001EC5A4 /* NasaResult.swift in Sources */,
				53B2D04B2A437A78001EC5A4 /* Nasa_ImageApp.swift in Sources */,
				53B2D0822A438F0F001EC5A4 /* SearchView.swift in Sources */,
				53B2D0772A437CC2001EC5A4 /* NasaSearchProvider.swift in Sources */,
			);
			runOnlyForDeploymentPostprocessing = 0;
		};
		53B2D0542A437A7A001EC5A4 /* Sources */ = {
			isa = PBXSourcesBuildPhase;
			buildActionMask = 2147483647;
			files = (
				53B2D05D2A437A7A001EC5A4 /* Nasa_ImageTests.swift in Sources */,
			);
			runOnlyForDeploymentPostprocessing = 0;
		};
		53B2D05E2A437A7A001EC5A4 /* Sources */ = {
			isa = PBXSourcesBuildPhase;
			buildActionMask = 2147483647;
			files = (
				53B2D0672A437A7A001EC5A4 /* Nasa_ImageUITests.swift in Sources */,
				53B2D0692A437A7A001EC5A4 /* Nasa_ImageUITestsLaunchTests.swift in Sources */,
			);
			runOnlyForDeploymentPostprocessing = 0;
		};
/* End PBXSourcesBuildPhase section */

/* Begin PBXTargetDependency section */
		53B2D05A2A437A7A001EC5A4 /* PBXTargetDependency */ = {
			isa = PBXTargetDependency;
			target = 53B2D0462A437A78001EC5A4 /* Nasa-Image */;
			targetProxy = 53B2D0592A437A7A001EC5A4 /* PBXContainerItemProxy */;
		};
		53B2D0642A437A7A001EC5A4 /* PBXTargetDependency */ = {
			isa = PBXTargetDependency;
			target = 53B2D0462A437A78001EC5A4 /* Nasa-Image */;
			targetProxy = 53B2D0632A437A7A001EC5A4 /* PBXContainerItemProxy */;
		};
/* End PBXTargetDependency section */

/* Begin XCBuildConfiguration section */
		53B2D06A2A437A7A001EC5A4 /* Debug */ = {
			isa = XCBuildConfiguration;
			buildSettings = {
				ALWAYS_SEARCH_USER_PATHS = NO;
				CLANG_ANALYZER_NONNULL = YES;
				CLANG_ANALYZER_NUMBER_OBJECT_CONVERSION = YES_AGGRESSIVE;
				CLANG_CXX_LANGUAGE_STANDARD = "gnu++20";
				CLANG_ENABLE_MODULES = YES;
				CLANG_ENABLE_OBJC_ARC = YES;
				CLANG_ENABLE_OBJC_WEAK = YES;
				CLANG_WARN_BLOCK_CAPTURE_AUTORELEASING = YES;
				CLANG_WARN_BOOL_CONVERSION = YES;
				CLANG_WARN_COMMA = YES;
				CLANG_WARN_CONSTANT_CONVERSION = YES;
				CLANG_WARN_DEPRECATED_OBJC_IMPLEMENTATIONS = YES;
				CLANG_WARN_DIRECT_OBJC_ISA_USAGE = YES_ERROR;
				CLANG_WARN_DOCUMENTATION_COMMENTS = YES;
				CLANG_WARN_EMPTY_BODY = YES;
				CLANG_WARN_ENUM_CONVERSION = YES;
				CLANG_WARN_INFINITE_RECURSION = YES;
				CLANG_WARN_INT_CONVERSION = YES;
				CLANG_WARN_NON_LITERAL_NULL_CONVERSION = YES;
				CLANG_WARN_OBJC_IMPLICIT_RETAIN_SELF = YES;
				CLANG_WARN_OBJC_LITERAL_CONVERSION = YES;
				CLANG_WARN_OBJC_ROOT_CLASS = YES_ERROR;
				CLANG_WARN_QUOTED_INCLUDE_IN_FRAMEWORK_HEADER = YES;
				CLANG_WARN_RANGE_LOOP_ANALYSIS = YES;
				CLANG_WARN_STRICT_PROTOTYPES = YES;
				CLANG_WARN_SUSPICIOUS_MOVE = YES;
				CLANG_WARN_UNGUARDED_AVAILABILITY = YES_AGGRESSIVE;
				CLANG_WARN_UNREACHABLE_CODE = YES;
				CLANG_WARN__DUPLICATE_METHOD_MATCH = YES;
				COPY_PHASE_STRIP = NO;
				DEBUG_INFORMATION_FORMAT = dwarf;
				ENABLE_STRICT_OBJC_MSGSEND = YES;
				ENABLE_TESTABILITY = YES;
				GCC_C_LANGUAGE_STANDARD = gnu11;
				GCC_DYNAMIC_NO_PIC = NO;
				GCC_NO_COMMON_BLOCKS = YES;
				GCC_OPTIMIZATION_LEVEL = 0;
				GCC_PREPROCESSOR_DEFINITIONS = (
					"DEBUG=1",
					"$(inherited)",
				);
				GCC_WARN_64_TO_32_BIT_CONVERSION = YES;
				GCC_WARN_ABOUT_RETURN_TYPE = YES_ERROR;
				GCC_WARN_UNDECLARED_SELECTOR = YES;
				GCC_WARN_UNINITIALIZED_AUTOS = YES_AGGRESSIVE;
				GCC_WARN_UNUSED_FUNCTION = YES;
				GCC_WARN_UNUSED_VARIABLE = YES;
				MTL_ENABLE_DEBUG_INFO = INCLUDE_SOURCE;
				MTL_FAST_MATH = YES;
				ONLY_ACTIVE_ARCH = YES;
				SWIFT_ACTIVE_COMPILATION_CONDITIONS = DEBUG;
				SWIFT_OPTIMIZATION_LEVEL = "-Onone";
			};
			name = Debug;
		};
		53B2D06B2A437A7A001EC5A4 /* Release */ = {
			isa = XCBuildConfiguration;
			buildSettings = {
				ALWAYS_SEARCH_USER_PATHS = NO;
				CLANG_ANALYZER_NONNULL = YES;
				CLANG_ANALYZER_NUMBER_OBJECT_CONVERSION = YES_AGGRESSIVE;
				CLANG_CXX_LANGUAGE_STANDARD = "gnu++20";
				CLANG_ENABLE_MODULES = YES;
				CLANG_ENABLE_OBJC_ARC = YES;
				CLANG_ENABLE_OBJC_WEAK = YES;
				CLANG_WARN_BLOCK_CAPTURE_AUTORELEASING = YES;
				CLANG_WARN_BOOL_CONVERSION = YES;
				CLANG_WARN_COMMA = YES;
				CLANG_WARN_CONSTANT_CONVERSION = YES;
				CLANG_WARN_DEPRECATED_OBJC_IMPLEMENTATIONS = YES;
				CLANG_WARN_DIRECT_OBJC_ISA_USAGE = YES_ERROR;
				CLANG_WARN_DOCUMENTATION_COMMENTS = YES;
				CLANG_WARN_EMPTY_BODY = YES;
				CLANG_WARN_ENUM_CONVERSION = YES;
				CLANG_WARN_INFINITE_RECURSION = YES;
				CLANG_WARN_INT_CONVERSION = YES;
				CLANG_WARN_NON_LITERAL_NULL_CONVERSION = YES;
				CLANG_WARN_OBJC_IMPLICIT_RETAIN_SELF = YES;
				CLANG_WARN_OBJC_LITERAL_CONVERSION = YES;
				CLANG_WARN_OBJC_ROOT_CLASS = YES_ERROR;
				CLANG_WARN_QUOTED_INCLUDE_IN_FRAMEWORK_HEADER = YES;
				CLANG_WARN_RANGE_LOOP_ANALYSIS = YES;
				CLANG_WARN_STRICT_PROTOTYPES = YES;
				CLANG_WARN_SUSPICIOUS_MOVE = YES;
				CLANG_WARN_UNGUARDED_AVAILABILITY = YES_AGGRESSIVE;
				CLANG_WARN_UNREACHABLE_CODE = YES;
				CLANG_WARN__DUPLICATE_METHOD_MATCH = YES;
				COPY_PHASE_STRIP = NO;
				DEBUG_INFORMATION_FORMAT = "dwarf-with-dsym";
				ENABLE_NS_ASSERTIONS = NO;
				ENABLE_STRICT_OBJC_MSGSEND = YES;
				GCC_C_LANGUAGE_STANDARD = gnu11;
				GCC_NO_COMMON_BLOCKS = YES;
				GCC_WARN_64_TO_32_BIT_CONVERSION = YES;
				GCC_WARN_ABOUT_RETURN_TYPE = YES_ERROR;
				GCC_WARN_UNDECLARED_SELECTOR = YES;
				GCC_WARN_UNINITIALIZED_AUTOS = YES_AGGRESSIVE;
				GCC_WARN_UNUSED_FUNCTION = YES;
				GCC_WARN_UNUSED_VARIABLE = YES;
				MTL_ENABLE_DEBUG_INFO = NO;
				MTL_FAST_MATH = YES;
				SWIFT_COMPILATION_MODE = wholemodule;
				SWIFT_OPTIMIZATION_LEVEL = "-O";
			};
			name = Release;
		};
		53B2D06D2A437A7A001EC5A4 /* Debug */ = {
			isa = XCBuildConfiguration;
			buildSettings = {
				ASSETCATALOG_COMPILER_APPICON_NAME = AppIcon;
				ASSETCATALOG_COMPILER_GLOBAL_ACCENT_COLOR_NAME = AccentColor;
				CODE_SIGN_ENTITLEMENTS = "Nasa-Image/Nasa_Image.entitlements";
				CODE_SIGN_STYLE = Automatic;
				CURRENT_PROJECT_VERSION = 1;
				DEVELOPMENT_ASSET_PATHS = "\"Nasa-Image/Preview Content\"";
				DEVELOPMENT_TEAM = W7VQ2PD274;
				ENABLE_HARDENED_RUNTIME = YES;
				ENABLE_PREVIEWS = YES;
				GENERATE_INFOPLIST_FILE = YES;
				"INFOPLIST_KEY_UIApplicationSceneManifest_Generation[sdk=iphoneos*]" = YES;
				"INFOPLIST_KEY_UIApplicationSceneManifest_Generation[sdk=iphonesimulator*]" = YES;
				"INFOPLIST_KEY_UIApplicationSupportsIndirectInputEvents[sdk=iphoneos*]" = YES;
				"INFOPLIST_KEY_UIApplicationSupportsIndirectInputEvents[sdk=iphonesimulator*]" = YES;
				"INFOPLIST_KEY_UILaunchScreen_Generation[sdk=iphoneos*]" = YES;
				"INFOPLIST_KEY_UILaunchScreen_Generation[sdk=iphonesimulator*]" = YES;
				"INFOPLIST_KEY_UIStatusBarStyle[sdk=iphoneos*]" = UIStatusBarStyleDefault;
				"INFOPLIST_KEY_UIStatusBarStyle[sdk=iphonesimulator*]" = UIStatusBarStyleDefault;
				INFOPLIST_KEY_UISupportedInterfaceOrientations_iPad = "UIInterfaceOrientationPortrait UIInterfaceOrientationPortraitUpsideDown UIInterfaceOrientationLandscapeLeft UIInterfaceOrientationLandscapeRight";
				INFOPLIST_KEY_UISupportedInterfaceOrientations_iPhone = "UIInterfaceOrientationPortrait UIInterfaceOrientationLandscapeLeft UIInterfaceOrientationLandscapeRight";
				IPHONEOS_DEPLOYMENT_TARGET = 16.4;
				LD_RUNPATH_SEARCH_PATHS = "@executable_path/Frameworks";
				"LD_RUNPATH_SEARCH_PATHS[sdk=macosx*]" = "@executable_path/../Frameworks";
				MACOSX_DEPLOYMENT_TARGET = 13.3;
				MARKETING_VERSION = 1.0;
				PRODUCT_BUNDLE_IDENTIFIER = "Lopez.Nasa-Image";
				PRODUCT_NAME = "$(TARGET_NAME)";
				SDKROOT = auto;
				SUPPORTED_PLATFORMS = "iphoneos iphonesimulator macosx";
				SWIFT_EMIT_LOC_STRINGS = YES;
				SWIFT_VERSION = 5.0;
				TARGETED_DEVICE_FAMILY = "1,2";
			};
			name = Debug;
		};
		53B2D06E2A437A7A001EC5A4 /* Release */ = {
			isa = XCBuildConfiguration;
			buildSettings = {
				ASSETCATALOG_COMPILER_APPICON_NAME = AppIcon;
				ASSETCATALOG_COMPILER_GLOBAL_ACCENT_COLOR_NAME = AccentColor;
				CODE_SIGN_ENTITLEMENTS = "Nasa-Image/Nasa_Image.entitlements";
				CODE_SIGN_STYLE = Automatic;
				CURRENT_PROJECT_VERSION = 1;
				DEVELOPMENT_ASSET_PATHS = "\"Nasa-Image/Preview Content\"";
				DEVELOPMENT_TEAM = W7VQ2PD274;
				ENABLE_HARDENED_RUNTIME = YES;
				ENABLE_PREVIEWS = YES;
				GENERATE_INFOPLIST_FILE = YES;
				"INFOPLIST_KEY_UIApplicationSceneManifest_Generation[sdk=iphoneos*]" = YES;
				"INFOPLIST_KEY_UIApplicationSceneManifest_Generation[sdk=iphonesimulator*]" = YES;
				"INFOPLIST_KEY_UIApplicationSupportsIndirectInputEvents[sdk=iphoneos*]" = YES;
				"INFOPLIST_KEY_UIApplicationSupportsIndirectInputEvents[sdk=iphonesimulator*]" = YES;
				"INFOPLIST_KEY_UILaunchScreen_Generation[sdk=iphoneos*]" = YES;
				"INFOPLIST_KEY_UILaunchScreen_Generation[sdk=iphonesimulator*]" = YES;
				"INFOPLIST_KEY_UIStatusBarStyle[sdk=iphoneos*]" = UIStatusBarStyleDefault;
				"INFOPLIST_KEY_UIStatusBarStyle[sdk=iphonesimulator*]" = UIStatusBarStyleDefault;
				INFOPLIST_KEY_UISupportedInterfaceOrientations_iPad = "UIInterfaceOrientationPortrait UIInterfaceOrientationPortraitUpsideDown UIInterfaceOrientationLandscapeLeft UIInterfaceOrientationLandscapeRight";
				INFOPLIST_KEY_UISupportedInterfaceOrientations_iPhone = "UIInterfaceOrientationPortrait UIInterfaceOrientationLandscapeLeft UIInterfaceOrientationLandscapeRight";
				IPHONEOS_DEPLOYMENT_TARGET = 16.4;
				LD_RUNPATH_SEARCH_PATHS = "@executable_path/Frameworks";
				"LD_RUNPATH_SEARCH_PATHS[sdk=macosx*]" = "@executable_path/../Frameworks";
				MACOSX_DEPLOYMENT_TARGET = 13.3;
				MARKETING_VERSION = 1.0;
				PRODUCT_BUNDLE_IDENTIFIER = "Lopez.Nasa-Image";
				PRODUCT_NAME = "$(TARGET_NAME)";
				SDKROOT = auto;
				SUPPORTED_PLATFORMS = "iphoneos iphonesimulator macosx";
				SWIFT_EMIT_LOC_STRINGS = YES;
				SWIFT_VERSION = 5.0;
				TARGETED_DEVICE_FAMILY = "1,2";
			};
			name = Release;
		};
		53B2D0702A437A7A001EC5A4 /* Debug */ = {
			isa = XCBuildConfiguration;
			buildSettings = {
				ALWAYS_EMBED_SWIFT_STANDARD_LIBRARIES = YES;
				BUNDLE_LOADER = "$(TEST_HOST)";
				CODE_SIGN_STYLE = Automatic;
				CURRENT_PROJECT_VERSION = 1;
				DEVELOPMENT_TEAM = W7VQ2PD274;
				GENERATE_INFOPLIST_FILE = YES;
				IPHONEOS_DEPLOYMENT_TARGET = 16.4;
				MACOSX_DEPLOYMENT_TARGET = 13.3;
				MARKETING_VERSION = 1.0;
				PRODUCT_BUNDLE_IDENTIFIER = "Lopez.Nasa-ImageTests";
				PRODUCT_NAME = "$(TARGET_NAME)";
				SDKROOT = auto;
				SUPPORTED_PLATFORMS = "iphoneos iphonesimulator macosx";
				SWIFT_EMIT_LOC_STRINGS = NO;
				SWIFT_VERSION = 5.0;
				TARGETED_DEVICE_FAMILY = "1,2";
				TEST_HOST = "$(BUILT_PRODUCTS_DIR)/Nasa-Image.app/$(BUNDLE_EXECUTABLE_FOLDER_PATH)/Nasa-Image";
			};
			name = Debug;
		};
		53B2D0712A437A7A001EC5A4 /* Release */ = {
			isa = XCBuildConfiguration;
			buildSettings = {
				ALWAYS_EMBED_SWIFT_STANDARD_LIBRARIES = YES;
				BUNDLE_LOADER = "$(TEST_HOST)";
				CODE_SIGN_STYLE = Automatic;
				CURRENT_PROJECT_VERSION = 1;
				DEVELOPMENT_TEAM = W7VQ2PD274;
				GENERATE_INFOPLIST_FILE = YES;
				IPHONEOS_DEPLOYMENT_TARGET = 16.4;
				MACOSX_DEPLOYMENT_TARGET = 13.3;
				MARKETING_VERSION = 1.0;
				PRODUCT_BUNDLE_IDENTIFIER = "Lopez.Nasa-ImageTests";
				PRODUCT_NAME = "$(TARGET_NAME)";
				SDKROOT = auto;
				SUPPORTED_PLATFORMS = "iphoneos iphonesimulator macosx";
				SWIFT_EMIT_LOC_STRINGS = NO;
				SWIFT_VERSION = 5.0;
				TARGETED_DEVICE_FAMILY = "1,2";
				TEST_HOST = "$(BUILT_PRODUCTS_DIR)/Nasa-Image.app/$(BUNDLE_EXECUTABLE_FOLDER_PATH)/Nasa-Image";
			};
			name = Release;
		};
		53B2D0732A437A7A001EC5A4 /* Debug */ = {
			isa = XCBuildConfiguration;
			buildSettings = {
				ALWAYS_EMBED_SWIFT_STANDARD_LIBRARIES = YES;
				CODE_SIGN_STYLE = Automatic;
				CURRENT_PROJECT_VERSION = 1;
				DEVELOPMENT_TEAM = W7VQ2PD274;
				GENERATE_INFOPLIST_FILE = YES;
				IPHONEOS_DEPLOYMENT_TARGET = 16.4;
				MACOSX_DEPLOYMENT_TARGET = 13.3;
				MARKETING_VERSION = 1.0;
				PRODUCT_BUNDLE_IDENTIFIER = "Lopez.Nasa-ImageUITests";
				PRODUCT_NAME = "$(TARGET_NAME)";
				SDKROOT = auto;
				SUPPORTED_PLATFORMS = "iphoneos iphonesimulator macosx";
				SWIFT_EMIT_LOC_STRINGS = NO;
				SWIFT_VERSION = 5.0;
				TARGETED_DEVICE_FAMILY = "1,2";
				TEST_TARGET_NAME = "Nasa-Image";
			};
			name = Debug;
		};
		53B2D0742A437A7A001EC5A4 /* Release */ = {
			isa = XCBuildConfiguration;
			buildSettings = {
				ALWAYS_EMBED_SWIFT_STANDARD_LIBRARIES = YES;
				CODE_SIGN_STYLE = Automatic;
				CURRENT_PROJECT_VERSION = 1;
				DEVELOPMENT_TEAM = W7VQ2PD274;
				GENERATE_INFOPLIST_FILE = YES;
				IPHONEOS_DEPLOYMENT_TARGET = 16.4;
				MACOSX_DEPLOYMENT_TARGET = 13.3;
				MARKETING_VERSION = 1.0;
				PRODUCT_BUNDLE_IDENTIFIER = "Lopez.Nasa-ImageUITests";
				PRODUCT_NAME = "$(TARGET_NAME)";
				SDKROOT = auto;
				SUPPORTED_PLATFORMS = "iphoneos iphonesimulator macosx";
				SWIFT_EMIT_LOC_STRINGS = NO;
				SWIFT_VERSION = 5.0;
				TARGETED_DEVICE_FAMILY = "1,2";
				TEST_TARGET_NAME = "Nasa-Image";
			};
			name = Release;
		};
/* End XCBuildConfiguration section */

/* Begin XCConfigurationList section */
		53B2D0422A437A78001EC5A4 /* Build configuration list for PBXProject "Nasa-Image" */ = {
			isa = XCConfigurationList;
			buildConfigurations = (
				53B2D06A2A437A7A001EC5A4 /* Debug */,
				53B2D06B2A437A7A001EC5A4 /* Release */,
			);
			defaultConfigurationIsVisible = 0;
			defaultConfigurationName = Release;
		};
		53B2D06C2A437A7A001EC5A4 /* Build configuration list for PBXNativeTarget "Nasa-Image" */ = {
			isa = XCConfigurationList;
			buildConfigurations = (
				53B2D06D2A437A7A001EC5A4 /* Debug */,
				53B2D06E2A437A7A001EC5A4 /* Release */,
			);
			defaultConfigurationIsVisible = 0;
			defaultConfigurationName = Release;
		};
		53B2D06F2A437A7A001EC5A4 /* Build configuration list for PBXNativeTarget "Nasa-ImageTests" */ = {
			isa = XCConfigurationList;
			buildConfigurations = (
				53B2D0702A437A7A001EC5A4 /* Debug */,
				53B2D0712A437A7A001EC5A4 /* Release */,
			);
			defaultConfigurationIsVisible = 0;
			defaultConfigurationName = Release;
		};
		53B2D0722A437A7A001EC5A4 /* Build configuration list for PBXNativeTarget "Nasa-ImageUITests" */ = {
			isa = XCConfigurationList;
			buildConfigurations = (
				53B2D0732A437A7A001EC5A4 /* Debug */,
				53B2D0742A437A7A001EC5A4 /* Release */,
			);
			defaultConfigurationIsVisible = 0;
			defaultConfigurationName = Release;
		};
/* End XCConfigurationList section */
	};
	rootObject = 53B2D03F2A437A78001EC5A4 /* Project object */;
}
